// !$*UTF8*$!
{
	archiveVersion = 1;
	classes = {
	};
	objectVersion = 46;
	objects = {

/* Begin PBXBuildFile section */
		C105D93D1D1140C20078551B /* main.m in Sources */ = {isa = PBXBuildFile; fileRef = C105D93C1D1140C20078551B /* main.m */; };
		C105D9401D1140C20078551B /* AppDelegate.m in Sources */ = {isa = PBXBuildFile; fileRef = C105D93F1D1140C20078551B /* AppDelegate.m */; };
		C105D9431D1140C20078551B /* ViewController.m in Sources */ = {isa = PBXBuildFile; fileRef = C105D9421D1140C20078551B /* ViewController.m */; };
		C105D9461D1140C20078551B /* Main.storyboard in Resources */ = {isa = PBXBuildFile; fileRef = C105D9441D1140C20078551B /* Main.storyboard */; };
		C105D9481D1140C20078551B /* Assets.xcassets in Resources */ = {isa = PBXBuildFile; fileRef = C105D9471D1140C20078551B /* Assets.xcassets */; };
		C105D94B1D1140C20078551B /* LaunchScreen.storyboard in Resources */ = {isa = PBXBuildFile; fileRef = C105D9491D1140C20078551B /* LaunchScreen.storyboard */; };
		C105D9561D1140C20078551B /* CalculatorTests.m in Sources */ = {isa = PBXBuildFile; fileRef = C105D9551D1140C20078551B /* CalculatorTests.m */; };
		C105D9611D1140C20078551B /* CalculatorUITests.m in Sources */ = {isa = PBXBuildFile; fileRef = C105D9601D1140C20078551B /* CalculatorUITests.m */; };
		C19266681D123B140069819C /* Calculator.m in Sources */ = {isa = PBXBuildFile; fileRef = C19266651D123B140069819C /* Calculator.m */; };
		C19266691D123B140069819C /* Fraction.m in Sources */ = {isa = PBXBuildFile; fileRef = C19266671D123B140069819C /* Fraction.m */; };
		C19266751D1292240069819C /* InfoViewController.m in Sources */ = {isa = PBXBuildFile; fileRef = C19266741D1292240069819C /* InfoViewController.m */; };
/* End PBXBuildFile section */

/* Begin PBXContainerItemProxy section */
		C105D9521D1140C20078551B /* PBXContainerItemProxy */ = {
			isa = PBXContainerItemProxy;
			containerPortal = C105D9301D1140C20078551B /* Project object */;
			proxyType = 1;
			remoteGlobalIDString = C105D9371D1140C20078551B;
			remoteInfo = Calculator;
		};
		C105D95D1D1140C20078551B /* PBXContainerItemProxy */ = {
			isa = PBXContainerItemProxy;
			containerPortal = C105D9301D1140C20078551B /* Project object */;
			proxyType = 1;
			remoteGlobalIDString = C105D9371D1140C20078551B;
			remoteInfo = Calculator;
		};
/* End PBXContainerItemProxy section */

/* Begin PBXFileReference section */
		C105D9381D1140C20078551B /* Calculator.app */ = {isa = PBXFileReference; explicitFileType = wrapper.application; includeInIndex = 0; path = Calculator.app; sourceTree = BUILT_PRODUCTS_DIR; };
		C105D93C1D1140C20078551B /* main.m */ = {isa = PBXFileReference; lastKnownFileType = sourcecode.c.objc; path = main.m; sourceTree = "<group>"; };
		C105D93E1D1140C20078551B /* AppDelegate.h */ = {isa = PBXFileReference; lastKnownFileType = sourcecode.c.h; path = AppDelegate.h; sourceTree = "<group>"; };
		C105D93F1D1140C20078551B /* AppDelegate.m */ = {isa = PBXFileReference; lastKnownFileType = sourcecode.c.objc; path = AppDelegate.m; sourceTree = "<group>"; };
		C105D9411D1140C20078551B /* ViewController.h */ = {isa = PBXFileReference; lastKnownFileType = sourcecode.c.h; path = ViewController.h; sourceTree = "<group>"; };
		C105D9421D1140C20078551B /* ViewController.m */ = {isa = PBXFileReference; lastKnownFileType = sourcecode.c.objc; path = ViewController.m; sourceTree = "<group>"; };
		C105D9451D1140C20078551B /* Base */ = {isa = PBXFileReference; lastKnownFileType = file.storyboard; name = Base; path = Base.lproj/Main.storyboard; sourceTree = "<group>"; };
		C105D9471D1140C20078551B /* Assets.xcassets */ = {isa = PBXFileReference; lastKnownFileType = folder.assetcatalog; path = Assets.xcassets; sourceTree = "<group>"; };
		C105D94A1D1140C20078551B /* Base */ = {isa = PBXFileReference; lastKnownFileType = file.storyboard; name = Base; path = Base.lproj/LaunchScreen.storyboard; sourceTree = "<group>"; };
		C105D94C1D1140C20078551B /* Info.plist */ = {isa = PBXFileReference; lastKnownFileType = text.plist.xml; path = Info.plist; sourceTree = "<group>"; };
		C105D9511D1140C20078551B /* CalculatorTests.xctest */ = {isa = PBXFileReference; explicitFileType = wrapper.cfbundle; includeInIndex = 0; path = CalculatorTests.xctest; sourceTree = BUILT_PRODUCTS_DIR; };
		C105D9551D1140C20078551B /* CalculatorTests.m */ = {isa = PBXFileReference; lastKnownFileType = sourcecode.c.objc; path = CalculatorTests.m; sourceTree = "<group>"; };
		C105D9571D1140C20078551B /* Info.plist */ = {isa = PBXFileReference; lastKnownFileType = text.plist.xml; path = Info.plist; sourceTree = "<group>"; };
		C105D95C1D1140C20078551B /* CalculatorUITests.xctest */ = {isa = PBXFileReference; explicitFileType = wrapper.cfbundle; includeInIndex = 0; path = CalculatorUITests.xctest; sourceTree = BUILT_PRODUCTS_DIR; };
		C105D9601D1140C20078551B /* CalculatorUITests.m */ = {isa = PBXFileReference; lastKnownFileType = sourcecode.c.objc; path = CalculatorUITests.m; sourceTree = "<group>"; };
		C105D9621D1140C20078551B /* Info.plist */ = {isa = PBXFileReference; lastKnownFileType = text.plist.xml; path = Info.plist; sourceTree = "<group>"; };
		C19266641D123B140069819C /* Calculator.h */ = {isa = PBXFileReference; fileEncoding = 4; lastKnownFileType = sourcecode.c.h; name = Calculator.h; path = ../../ObjC/ObjC/Calculator.h; sourceTree = "<group>"; };
		C19266651D123B140069819C /* Calculator.m */ = {isa = PBXFileReference; fileEncoding = 4; lastKnownFileType = sourcecode.c.objc; name = Calculator.m; path = ../../ObjC/ObjC/Calculator.m; sourceTree = "<group>"; };
		C19266661D123B140069819C /* Fraction.h */ = {isa = PBXFileReference; fileEncoding = 4; lastKnownFileType = sourcecode.c.h; name = Fraction.h; path = ../../ObjC/ObjC/Fraction.h; sourceTree = "<group>"; };
		C19266671D123B140069819C /* Fraction.m */ = {isa = PBXFileReference; fileEncoding = 4; lastKnownFileType = sourcecode.c.objc; name = Fraction.m; path = ../../ObjC/ObjC/Fraction.m; sourceTree = "<group>"; };
		C19266731D1292240069819C /* InfoViewController.h */ = {isa = PBXFileReference; fileEncoding = 4; lastKnownFileType = sourcecode.c.h; path = InfoViewController.h; sourceTree = "<group>"; };
		C19266741D1292240069819C /* InfoViewController.m */ = {isa = PBXFileReference; fileEncoding = 4; lastKnownFileType = sourcecode.c.objc; path = InfoViewController.m; sourceTree = "<group>"; };
/* End PBXFileReference section */

/* Begin PBXFrameworksBuildPhase section */
		C105D9351D1140C20078551B /* Frameworks */ = {
			isa = PBXFrameworksBuildPhase;
			buildActionMask = 2147483647;
			files = (
			);
			runOnlyForDeploymentPostprocessing = 0;
		};
		C105D94E1D1140C20078551B /* Frameworks */ = {
			isa = PBXFrameworksBuildPhase;
			buildActionMask = 2147483647;
			files = (
			);
			runOnlyForDeploymentPostprocessing = 0;
		};
		C105D9591D1140C20078551B /* Frameworks */ = {
			isa = PBXFrameworksBuildPhase;
			buildActionMask = 2147483647;
			files = (
			);
			runOnlyForDeploymentPostprocessing = 0;
		};
/* End PBXFrameworksBuildPhase section */

/* Begin PBXGroup section */
		C105D92F1D1140C20078551B = {
			isa = PBXGroup;
			children = (
				C105D93A1D1140C20078551B /* Calculator */,
				C105D9541D1140C20078551B /* CalculatorTests */,
				C105D95F1D1140C20078551B /* CalculatorUITests */,
				C105D9391D1140C20078551B /* Products */,
			);
			sourceTree = "<group>";
		};
		C105D9391D1140C20078551B /* Products */ = {
			isa = PBXGroup;
			children = (
				C105D9381D1140C20078551B /* Calculator.app */,
				C105D9511D1140C20078551B /* CalculatorTests.xctest */,
				C105D95C1D1140C20078551B /* CalculatorUITests.xctest */,
			);
			name = Products;
			sourceTree = "<group>";
		};
		C105D93A1D1140C20078551B /* Calculator */ = {
			isa = PBXGroup;
			children = (
				C19266731D1292240069819C /* InfoViewController.h */,
				C19266741D1292240069819C /* InfoViewController.m */,
				C19266641D123B140069819C /* Calculator.h */,
				C19266651D123B140069819C /* Calculator.m */,
				C19266661D123B140069819C /* Fraction.h */,
				C19266671D123B140069819C /* Fraction.m */,
				C105D93E1D1140C20078551B /* AppDelegate.h */,
				C105D93F1D1140C20078551B /* AppDelegate.m */,
				C105D9411D1140C20078551B /* ViewController.h */,
				C105D9421D1140C20078551B /* ViewController.m */,
				C105D9441D1140C20078551B /* Main.storyboard */,
				C105D9471D1140C20078551B /* Assets.xcassets */,
				C105D9491D1140C20078551B /* LaunchScreen.storyboard */,
				C105D94C1D1140C20078551B /* Info.plist */,
				C105D93B1D1140C20078551B /* Supporting Files */,
			);
			path = Calculator;
			sourceTree = "<group>";
		};
		C105D93B1D1140C20078551B /* Supporting Files */ = {
			isa = PBXGroup;
			children = (
				C105D93C1D1140C20078551B /* main.m */,
			);
			name = "Supporting Files";
			sourceTree = "<group>";
		};
		C105D9541D1140C20078551B /* CalculatorTests */ = {
			isa = PBXGroup;
			children = (
				C105D9551D1140C20078551B /* CalculatorTests.m */,
				C105D9571D1140C20078551B /* Info.plist */,
			);
			path = CalculatorTests;
			sourceTree = "<group>";
		};
		C105D95F1D1140C20078551B /* CalculatorUITests */ = {
			isa = PBXGroup;
			children = (
				C105D9601D1140C20078551B /* CalculatorUITests.m */,
				C105D9621D1140C20078551B /* Info.plist */,
			);
			path = CalculatorUITests;
			sourceTree = "<group>";
		};
/* End PBXGroup section */

/* Begin PBXNativeTarget section */
		C105D9371D1140C20078551B /* Calculator */ = {
			isa = PBXNativeTarget;
			buildConfigurationList = C105D9651D1140C20078551B /* Build configuration list for PBXNativeTarget "Calculator" */;
			buildPhases = (
				C105D9341D1140C20078551B /* Sources */,
				C105D9351D1140C20078551B /* Frameworks */,
				C105D9361D1140C20078551B /* Resources */,
			);
			buildRules = (
			);
			dependencies = (
			);
			name = Calculator;
			productName = Calculator;
			productReference = C105D9381D1140C20078551B /* Calculator.app */;
			productType = "com.apple.product-type.application";
		};
		C105D9501D1140C20078551B /* CalculatorTests */ = {
			isa = PBXNativeTarget;
			buildConfigurationList = C105D9681D1140C20078551B /* Build configuration list for PBXNativeTarget "CalculatorTests" */;
			buildPhases = (
				C105D94D1D1140C20078551B /* Sources */,
				C105D94E1D1140C20078551B /* Frameworks */,
				C105D94F1D1140C20078551B /* Resources */,
			);
			buildRules = (
			);
			dependencies = (
				C105D9531D1140C20078551B /* PBXTargetDependency */,
			);
			name = CalculatorTests;
			productName = CalculatorTests;
			productReference = C105D9511D1140C20078551B /* CalculatorTests.xctest */;
			productType = "com.apple.product-type.bundle.unit-test";
		};
		C105D95B1D1140C20078551B /* CalculatorUITests */ = {
			isa = PBXNativeTarget;
			buildConfigurationList = C105D96B1D1140C20078551B /* Build configuration list for PBXNativeTarget "CalculatorUITests" */;
			buildPhases = (
				C105D9581D1140C20078551B /* Sources */,
				C105D9591D1140C20078551B /* Frameworks */,
				C105D95A1D1140C20078551B /* Resources */,
			);
			buildRules = (
			);
			dependencies = (
				C105D95E1D1140C20078551B /* PBXTargetDependency */,
			);
			name = CalculatorUITests;
			productName = CalculatorUITests;
			productReference = C105D95C1D1140C20078551B /* CalculatorUITests.xctest */;
			productType = "com.apple.product-type.bundle.ui-testing";
		};
/* End PBXNativeTarget section */

/* Begin PBXProject section */
		C105D9301D1140C20078551B /* Project object */ = {
			isa = PBXProject;
			attributes = {
				LastUpgradeCheck = 0730;
				ORGANIZATIONNAME = "MF839-004";
				TargetAttributes = {
					C105D9371D1140C20078551B = {
						CreatedOnToolsVersion = 7.3;
					};
					C105D9501D1140C20078551B = {
						CreatedOnToolsVersion = 7.3;
						TestTargetID = C105D9371D1140C20078551B;
					};
					C105D95B1D1140C20078551B = {
						CreatedOnToolsVersion = 7.3;
						TestTargetID = C105D9371D1140C20078551B;
					};
				};
			};
			buildConfigurationList = C105D9331D1140C20078551B /* Build configuration list for PBXProject "Calculator" */;
			compatibilityVersion = "Xcode 3.2";
			developmentRegion = English;
			hasScannedForEncodings = 0;
			knownRegions = (
				en,
				Base,
			);
			mainGroup = C105D92F1D1140C20078551B;
			productRefGroup = C105D9391D1140C20078551B /* Products */;
			projectDirPath = "";
			projectRoot = "";
			targets = (
				C105D9371D1140C20078551B /* Calculator */,
				C105D9501D1140C20078551B /* CalculatorTests */,
				C105D95B1D1140C20078551B /* CalculatorUITests */,
			);
		};
/* End PBXProject section */

/* Begin PBXResourcesBuildPhase section */
		C105D9361D1140C20078551B /* Resources */ = {
			isa = PBXResourcesBuildPhase;
			buildActionMask = 2147483647;
			files = (
				C105D94B1D1140C20078551B /* LaunchScreen.storyboard in Resources */,
				C105D9481D1140C20078551B /* Assets.xcassets in Resources */,
				C105D9461D1140C20078551B /* Main.storyboard in Resources */,
			);
			runOnlyForDeploymentPostprocessing = 0;
		};
		C105D94F1D1140C20078551B /* Resources */ = {
			isa = PBXResourcesBuildPhase;
			buildActionMask = 2147483647;
			files = (
			);
			runOnlyForDeploymentPostprocessing = 0;
		};
		C105D95A1D1140C20078551B /* Resources */ = {
			isa = PBXResourcesBuildPhase;
			buildActionMask = 2147483647;
			files = (
			);
			runOnlyForDeploymentPostprocessing = 0;
		};
/* End PBXResourcesBuildPhase section */

/* Begin PBXSourcesBuildPhase section */
		C105D9341D1140C20078551B /* Sources */ = {
			isa = PBXSourcesBuildPhase;
			buildActionMask = 2147483647;
			files = (
				C105D9431D1140C20078551B /* ViewController.m in Sources */,
				C19266681D123B140069819C /* Calculator.m in Sources */,
				C19266751D1292240069819C /* InfoViewController.m in Sources */,
				C105D9401D1140C20078551B /* AppDelegate.m in Sources */,
				C105D93D1D1140C20078551B /* main.m in Sources */,
				C19266691D123B140069819C /* Fraction.m in Sources */,
			);
			runOnlyForDeploymentPostprocessing = 0;
		};
		C105D94D1D1140C20078551B /* Sources */ = {
			isa = PBXSourcesBuildPhase;
			buildActionMask = 2147483647;
			files = (
				C105D9561D1140C20078551B /* CalculatorTests.m in Sources */,
			);
			runOnlyForDeploymentPostprocessing = 0;
		};
		C105D9581D1140C20078551B /* Sources */ = {
			isa = PBXSourcesBuildPhase;
			buildActionMask = 2147483647;
			files = (
				C105D9611D1140C20078551B /* CalculatorUITests.m in Sources */,
			);
			runOnlyForDeploymentPostprocessing = 0;
		};
/* End PBXSourcesBuildPhase section */

/* Begin PBXTargetDependency section */
		C105D9531D1140C20078551B /* PBXTargetDependency */ = {
			isa = PBXTargetDependency;
			target = C105D9371D1140C20078551B /* Calculator */;
			targetProxy = C105D9521D1140C20078551B /* PBXContainerItemProxy */;
		};
		C105D95E1D1140C20078551B /* PBXTargetDependency */ = {
			isa = PBXTargetDependency;
			target = C105D9371D1140C20078551B /* Calculator */;
			targetProxy = C105D95D1D1140C20078551B /* PBXContainerItemProxy */;
		};
/* End PBXTargetDependency section */

/* Begin PBXVariantGroup section */
		C105D9441D1140C20078551B /* Main.storyboard */ = {
			isa = PBXVariantGroup;
			children = (
				C105D9451D1140C20078551B /* Base */,
			);
			name = Main.storyboard;
			sourceTree = "<group>";
		};
		C105D9491D1140C20078551B /* LaunchScreen.storyboard */ = {
			isa = PBXVariantGroup;
			children = (
				C105D94A1D1140C20078551B /* Base */,
			);
			name = LaunchScreen.storyboard;
			sourceTree = "<group>";
		};
/* End PBXVariantGroup section */

/* Begin XCBuildConfiguration section */
		C105D9631D1140C20078551B /* Debug */ = {
			isa = XCBuildConfiguration;
			buildSettings = {
				ALWAYS_SEARCH_USER_PATHS = NO;
				CLANG_ANALYZER_NONNULL = YES;
				CLANG_CXX_LANGUAGE_STANDARD = "gnu++0x";
				CLANG_CXX_LIBRARY = "libc++";
				CLANG_ENABLE_MODULES = YES;
				CLANG_ENABLE_OBJC_ARC = YES;
				CLANG_WARN_BOOL_CONVERSION = YES;
				CLANG_WARN_CONSTANT_CONVERSION = YES;
				CLANG_WARN_DIRECT_OBJC_ISA_USAGE = YES_ERROR;
				CLANG_WARN_EMPTY_BODY = YES;
				CLANG_WARN_ENUM_CONVERSION = YES;
				CLANG_WARN_INT_CONVERSION = YES;
				CLANG_WARN_OBJC_ROOT_CLASS = YES_ERROR;
				CLANG_WARN_UNREACHABLE_CODE = YES;
				CLANG_WARN__DUPLICATE_METHOD_MATCH = YES;
				"CODE_SIGN_IDENTITY[sdk=iphoneos*]" = "iPhone Developer";
				COPY_PHASE_STRIP = NO;
				DEBUG_INFORMATION_FORMAT = dwarf;
				ENABLE_STRICT_OBJC_MSGSEND = YES;
				ENABLE_TESTABILITY = YES;
				GCC_C_LANGUAGE_STANDARD = gnu99;
				GCC_DYNAMIC_NO_PIC = NO;
				GCC_NO_COMMON_BLOCKS = YES;
				GCC_OPTIMIZATION_LEVEL = 0;
				GCC_PREPROCESSOR_DEFINITIONS = (
					"DEBUG=1",
					"$(inherited)",
				);
				GCC_WARN_64_TO_32_BIT_CONVERSION = YES;
				GCC_WARN_ABOUT_RETURN_TYPE = YES_ERROR;
				GCC_WARN_UNDECLARED_SELECTOR = YES;
				GCC_WARN_UNINITIALIZED_AUTOS = YES_AGGRESSIVE;
				GCC_WARN_UNUSED_FUNCTION = YES;
				GCC_WARN_UNUSED_VARIABLE = YES;
				IPHONEOS_DEPLOYMENT_TARGET = 9.3;
				MTL_ENABLE_DEBUG_INFO = YES;
				ONLY_ACTIVE_ARCH = YES;
				SDKROOT = iphoneos;
				TARGETED_DEVICE_FAMILY = "1,2";
			};
			name = Debug;
		};
		C105D9641D1140C20078551B /* Release */ = {
			isa = XCBuildConfiguration;
			buildSettings = {
				ALWAYS_SEARCH_USER_PATHS = NO;
				CLANG_ANALYZER_NONNULL = YES;
				CLANG_CXX_LANGUAGE_STANDARD = "gnu++0x";
				CLANG_CXX_LIBRARY = "libc++";
				CLANG_ENABLE_MODULES = YES;
				CLANG_ENABLE_OBJC_ARC = YES;
				CLANG_WARN_BOOL_CONVERSION = YES;
				CLANG_WARN_CONSTANT_CONVERSION = YES;
				CLANG_WARN_DIRECT_OBJC_ISA_USAGE = YES_ERROR;
				CLANG_WARN_EMPTY_BODY = YES;
				CLANG_WARN_ENUM_CONVERSION = YES;
				CLANG_WARN_INT_CONVERSION = YES;
				CLANG_WARN_OBJC_ROOT_CLASS = YES_ERROR;
				CLANG_WARN_UNREACHABLE_CODE = YES;
				CLANG_WARN__DUPLICATE_METHOD_MATCH = YES;
				"CODE_SIGN_IDENTITY[sdk=iphoneos*]" = "iPhone Developer";
				COPY_PHASE_STRIP = NO;
				DEBUG_INFORMATION_FORMAT = "dwarf-with-dsym";
				ENABLE_NS_ASSERTIONS = NO;
				ENABLE_STRICT_OBJC_MSGSEND = YES;
				GCC_C_LANGUAGE_STANDARD = gnu99;
				GCC_NO_COMMON_BLOCKS = YES;
				GCC_WARN_64_TO_32_BIT_CONVERSION = YES;
				GCC_WARN_ABOUT_RETURN_TYPE = YES_ERROR;
				GCC_WARN_UNDECLARED_SELECTOR = YES;
				GCC_WARN_UNINITIALIZED_AUTOS = YES_AGGRESSIVE;
				GCC_WARN_UNUSED_FUNCTION = YES;
				GCC_WARN_UNUSED_VARIABLE = YES;
				IPHONEOS_DEPLOYMENT_TARGET = 9.3;
				MTL_ENABLE_DEBUG_INFO = NO;
				SDKROOT = iphoneos;
				TARGETED_DEVICE_FAMILY = "1,2";
				VALIDATE_PRODUCT = YES;
			};
			name = Release;
		};
		C105D9661D1140C20078551B /* Debug */ = {
			isa = XCBuildConfiguration;
			buildSettings = {
				ASSETCATALOG_COMPILER_APPICON_NAME = AppIcon;
				INFOPLIST_FILE = Calculator/Info.plist;
				LD_RUNPATH_SEARCH_PATHS = "$(inherited) @executable_path/Frameworks";
				PRODUCT_BUNDLE_IDENTIFIER = com.sds.Calculator;
				PRODUCT_NAME = "$(TARGET_NAME)";
			};
			name = Debug;
		};
		C105D9671D1140C20078551B /* Release */ = {
			isa = XCBuildConfiguration;
			buildSettings = {
				ASSETCATALOG_COMPILER_APPICON_NAME = AppIcon;
				INFOPLIST_FILE = Calculator/Info.plist;
				LD_RUNPATH_SEARCH_PATHS = "$(inherited) @executable_path/Frameworks";
				PRODUCT_BUNDLE_IDENTIFIER = com.sds.Calculator;
				PRODUCT_NAME = "$(TARGET_NAME)";
			};
			name = Release;
		};
		C105D9691D1140C20078551B /* Debug */ = {
			isa = XCBuildConfiguration;
			buildSettings = {
				BUNDLE_LOADER = "$(TEST_HOST)";
				INFOPLIST_FILE = CalculatorTests/Info.plist;
				LD_RUNPATH_SEARCH_PATHS = "$(inherited) @executable_path/Frameworks @loader_path/Frameworks";
				PRODUCT_BUNDLE_IDENTIFIER = com.sds.CalculatorTests;
				PRODUCT_NAME = "$(TARGET_NAME)";
				TEST_HOST = "$(BUILT_PRODUCTS_DIR)/Calculator.app/Calculator";
			};
			name = Debug;
		};
		C105D96A1D1140C20078551B /* Release */ = {
			isa = XCBuildConfiguration;
			buildSettings = {
				BUNDLE_LOADER = "$(TEST_HOST)";
				INFOPLIST_FILE = CalculatorTests/Info.plist;
				LD_RUNPATH_SEARCH_PATHS = "$(inherited) @executable_path/Frameworks @loader_path/Frameworks";
				PRODUCT_BUNDLE_IDENTIFIER = com.sds.CalculatorTests;
				PRODUCT_NAME = "$(TARGET_NAME)";
				TEST_HOST = "$(BUILT_PRODUCTS_DIR)/Calculator.app/Calculator";
			};
			name = Release;
		};
		C105D96C1D1140C20078551B /* Debug */ = {
			isa = XCBuildConfiguration;
			buildSettings = {
				INFOPLIST_FILE = CalculatorUITests/Info.plist;
				LD_RUNPATH_SEARCH_PATHS = "$(inherited) @executable_path/Frameworks @loader_path/Frameworks";
				PRODUCT_BUNDLE_IDENTIFIER = com.sds.CalculatorUITests;
				PRODUCT_NAME = "$(TARGET_NAME)";
				TEST_TARGET_NAME = Calculator;
			};
			name = Debug;
		};
		C105D96D1D1140C20078551B /* Release */ = {
			isa = XCBuildConfiguration;
			buildSettings = {
				INFOPLIST_FILE = CalculatorUITests/Info.plist;
				LD_RUNPATH_SEARCH_PATHS = "$(inherited) @executable_path/Frameworks @loader_path/Frameworks";
				PRODUCT_BUNDLE_IDENTIFIER = com.sds.CalculatorUITests;
				PRODUCT_NAME = "$(TARGET_NAME)";
				TEST_TARGET_NAME = Calculator;
			};
			name = Release;
		};
/* End XCBuildConfiguration section */

/* Begin XCConfigurationList section */
		C105D9331D1140C20078551B /* Build configuration list for PBXProject "Calculator" */ = {
			isa = XCConfigurationList;
			buildConfigurations = (
				C105D9631D1140C20078551B /* Debug */,
				C105D9641D1140C20078551B /* Release */,
			);
			defaultConfigurationIsVisible = 0;
			defaultConfigurationName = Release;
		};
		C105D9651D1140C20078551B /* Build configuration list for PBXNativeTarget "Calculator" */ = {
			isa = XCConfigurationList;
			buildConfigurations = (
				C105D9661D1140C20078551B /* Debug */,
				C105D9671D1140C20078551B /* Release */,
			);
			defaultConfigurationIsVisible = 0;
			defaultConfigurationName = Release;
		};
		C105D9681D1140C20078551B /* Build configuration list for PBXNativeTarget "CalculatorTests" */ = {
			isa = XCConfigurationList;
			buildConfigurations = (
				C105D9691D1140C20078551B /* Debug */,
				C105D96A1D1140C20078551B /* Release */,
			);
			defaultConfigurationIsVisible = 0;
			defaultConfigurationName = Release;
		};
		C105D96B1D1140C20078551B /* Build configuration list for PBXNativeTarget "CalculatorUITests" */ = {
			isa = XCConfigurationList;
			buildConfigurations = (
				C105D96C1D1140C20078551B /* Debug */,
				C105D96D1D1140C20078551B /* Release */,
			);
			defaultConfigurationIsVisible = 0;
			defaultConfigurationName = Release;
		};
/* End XCConfigurationList section */
	};
	rootObject = C105D9301D1140C20078551B /* Project object */;
}
